
Microsoft Visual Studio Solution File, Format Version 12.00
# Visual Studio Version 16
VisualStudioVersion = 16.0.30011.22
MinimumVisualStudioVersion = 10.0.40219.1
Project("{FAE04EC0-301F-11D3-BF4B-00C04F79EFBC}") = "UMLLab", "UMLLab\UMLLab.csproj", "{F7CA4BCF-3D0A-4A4C-A700-579CA3B0A7D1}"
EndProject
Global
	GlobalSection(SolutionConfigurationPlatforms) = preSolution
		Debug|Any CPU = Debug|Any CPU
		Release|Any CPU = Release|Any CPU
	EndGlobalSection
	GlobalSection(ProjectConfigurationPlatforms) = postSolution
		{F7CA4BCF-3D0A-4A4C-A700-579CA3B0A7D1}.Debug|Any CPU.ActiveCfg = Debug|Any CPU
		{F7CA4BCF-3D0A-4A4C-A700-579CA3B0A7D1}.Debug|Any CPU.Build.0 = Debug|Any CPU
		{F7CA4BCF-3D0A-4A4C-A700-579CA3B0A7D1}.Release|Any CPU.ActiveCfg = Release|Any CPU
		{F7CA4BCF-3D0A-4A4C-A700-579CA3B0A7D1}.Release|Any CPU.Build.0 = Release|Any CPU
	EndGlobalSection
	GlobalSection(SolutionProperties) = preSolution
		HideSolutionNode = FALSE
	EndGlobalSection
	GlobalSection(ExtensibilityGlobals) = postSolution
		SolutionGuid = {A51DEAB5-7292-4032-8381-B7436CD6F258}
	EndGlobalSection
EndGlobal
